
Microsoft Visual Studio Solution File, Format Version 12.00
# Visual Studio Version 17
VisualStudioVersion = 17.8.34511.84
MinimumVisualStudioVersion = 10.0.40219.1
Project("{FAE04EC0-301F-11D3-BF4B-00C04F79EFBC}") = "Calculations", "Calculations\Calculations.csproj", "{7A4608A1-0533-46F5-8E4F-54E315D93875}"
EndProject
Project("{FAE04EC0-301F-11D3-BF4B-00C04F79EFBC}") = "Calculations.Tests", "Calculations.Tests\Calculations.Tests.csproj", "{B3EDA37A-79C0-4141-A613-63F59D1B7C5B}"
EndProject
Global
	GlobalSection(SolutionConfigurationPlatforms) = preSolution
		Debug|Any CPU = Debug|Any CPU
		Release|Any CPU = Release|Any CPU
	EndGlobalSection
	GlobalSection(ProjectConfigurationPlatforms) = postSolution
		{7A4608A1-0533-46F5-8E4F-54E315D93875}.Debug|Any CPU.ActiveCfg = Debug|Any CPU
		{7A4608A1-0533-46F5-8E4F-54E315D93875}.Debug|Any CPU.Build.0 = Debug|Any CPU
		{7A4608A1-0533-46F5-8E4F-54E315D93875}.Release|Any CPU.ActiveCfg = Release|Any CPU
		{7A4608A1-0533-46F5-8E4F-54E315D93875}.Release|Any CPU.Build.0 = Release|Any CPU
		{B3EDA37A-79C0-4141-A613-63F59D1B7C5B}.Debug|Any CPU.ActiveCfg = Debug|Any CPU
		{B3EDA37A-79C0-4141-A613-63F59D1B7C5B}.Debug|Any CPU.Build.0 = Debug|Any CPU
		{B3EDA37A-79C0-4141-A613-63F59D1B7C5B}.Release|Any CPU.ActiveCfg = Release|Any CPU
		{B3EDA37A-79C0-4141-A613-63F59D1B7C5B}.Release|Any CPU.Build.0 = Release|Any CPU
	EndGlobalSection
	GlobalSection(SolutionProperties) = preSolution
		HideSolutionNode = FALSE
	EndGlobalSection
	GlobalSection(ExtensibilityGlobals) = postSolution
		SolutionGuid = {CC02967F-EE90-4A3E-B851-796D8B6536DD}
	EndGlobalSection
EndGlobal
