
Microsoft Visual Studio Solution File, Format Version 12.00
# Visual Studio Version 17
VisualStudioVersion = 17.8.34511.84
MinimumVisualStudioVersion = 10.0.40219.1
Project("{9A19103F-16F7-4668-BE54-9A1E7A4F7556}") = "UnitTest", "UnitTest\UnitTest.csproj", "{B7484911-2AA2-4584-ADE5-723DC3EF64C6}"
EndProject
Project("{9A19103F-16F7-4668-BE54-9A1E7A4F7556}") = "UnitTest.Tests", "UnitTest.Tests\UnitTest.Tests.csproj", "{F17674B2-A938-44A3-A68D-480537DF7441}"
EndProject
Project("{2150E333-8FDC-42A3-9474-1A3956D46DE8}") = "Document", "Document", "{5F976F17-925D-4554-A8F4-96F292F02B53}"
	ProjectSection(SolutionItems) = preProject
		..\..\..\Documents\Sameer\Courses&Certs\UnitTesting\UnitTesting.docx = ..\..\..\Documents\Sameer\Courses&Certs\UnitTesting\UnitTesting.docx
	EndProjectSection
EndProject
Global
	GlobalSection(SolutionConfigurationPlatforms) = preSolution
		Debug|Any CPU = Debug|Any CPU
		Release|Any CPU = Release|Any CPU
	EndGlobalSection
	GlobalSection(ProjectConfigurationPlatforms) = postSolution
		{B7484911-2AA2-4584-ADE5-723DC3EF64C6}.Debug|Any CPU.ActiveCfg = Debug|Any CPU
		{B7484911-2AA2-4584-ADE5-723DC3EF64C6}.Debug|Any CPU.Build.0 = Debug|Any CPU
		{B7484911-2AA2-4584-ADE5-723DC3EF64C6}.Release|Any CPU.ActiveCfg = Release|Any CPU
		{B7484911-2AA2-4584-ADE5-723DC3EF64C6}.Release|Any CPU.Build.0 = Release|Any CPU
		{F17674B2-A938-44A3-A68D-480537DF7441}.Debug|Any CPU.ActiveCfg = Debug|Any CPU
		{F17674B2-A938-44A3-A68D-480537DF7441}.Debug|Any CPU.Build.0 = Debug|Any CPU
		{F17674B2-A938-44A3-A68D-480537DF7441}.Release|Any CPU.ActiveCfg = Release|Any CPU
		{F17674B2-A938-44A3-A68D-480537DF7441}.Release|Any CPU.Build.0 = Release|Any CPU
	EndGlobalSection
	GlobalSection(SolutionProperties) = preSolution
		HideSolutionNode = FALSE
	EndGlobalSection
	GlobalSection(ExtensibilityGlobals) = postSolution
		SolutionGuid = {CC02967F-EE90-4A3E-B851-796D8B6536DD}
	EndGlobalSection
EndGlobal
